
Microsoft Visual Studio Solution File, Format Version 12.00
# Visual Studio 14
VisualStudioVersion = 14.0.25420.1
MinimumVisualStudioVersion = 10.0.40219.1
Project("{FAE04EC0-301F-11D3-BF4B-00C04F79EFBC}") = "MinervaTG", "MinervaTG\MinervaTG.csproj", "{0E9398B8-8B8A-40FD-9F37-DC25B88734EA}"
EndProject
Project("{FAE04EC0-301F-11D3-BF4B-00C04F79EFBC}") = "Minerva", "Minerva\Minerva.csproj", "{5DAFF79D-5794-4405-9FB1-35B325FCCFE5}"
EndProject
Global
	GlobalSection(SolutionConfigurationPlatforms) = preSolution
		Debug|Any CPU = Debug|Any CPU
		Release|Any CPU = Release|Any CPU
	EndGlobalSection
	GlobalSection(ProjectConfigurationPlatforms) = postSolution
		{0E9398B8-8B8A-40FD-9F37-DC25B88734EA}.Debug|Any CPU.ActiveCfg = Debug|Any CPU
		{0E9398B8-8B8A-40FD-9F37-DC25B88734EA}.Debug|Any CPU.Build.0 = Debug|Any CPU
		{0E9398B8-8B8A-40FD-9F37-DC25B88734EA}.Release|Any CPU.ActiveCfg = Release|Any CPU
		{0E9398B8-8B8A-40FD-9F37-DC25B88734EA}.Release|Any CPU.Build.0 = Release|Any CPU
		{5DAFF79D-5794-4405-9FB1-35B325FCCFE5}.Debug|Any CPU.ActiveCfg = Debug|Any CPU
		{5DAFF79D-5794-4405-9FB1-35B325FCCFE5}.Debug|Any CPU.Build.0 = Debug|Any CPU
		{5DAFF79D-5794-4405-9FB1-35B325FCCFE5}.Release|Any CPU.ActiveCfg = Release|Any CPU
		{5DAFF79D-5794-4405-9FB1-35B325FCCFE5}.Release|Any CPU.Build.0 = Release|Any CPU
	EndGlobalSection
	GlobalSection(SolutionProperties) = preSolution
		HideSolutionNode = FALSE
	EndGlobalSection
EndGlobal
